<?xml version="1.0" encoding="utf-8"?>
<Project ToolsVersion="4.0" xmlns="http://schemas.microsoft.com/developer/msbuild/2003">
  <ItemGroup>
    <Filter Include="源文件">
      <UniqueIdentifier>{4FC737F1-C7A5-4376-A066-2A32D752A2FF}</UniqueIdentifier>
      <Extensions>cpp;c;cc;cxx;c++;cppm;ixx;def;odl;idl;hpj;bat;asm;asmx</Extensions>
    </Filter>
    <Filter Include="头文件">
      <UniqueIdentifier>{93995380-89BD-4b04-88EB-625FBE52EBFB}</UniqueIdentifier>
      <Extensions>h;hh;hpp;hxx;h++;hm;inl;inc;ipp;xsd</Extensions>
    </Filter>
    <Filter Include="资源文件">
      <UniqueIdentifier>{67DA6AB6-F800-4c08-8B7A-83BB121AAD01}</UniqueIdentifier>
      <Extensions>rc;ico;cur;bmp;dlg;rc2;rct;bin;rgs;gif;jpg;jpeg;jpe;resx;tiff;tif;png;wav;mfcribbon-ms</Extensions>
    </Filter>
    <Filter Include="头文件\cppjieba">
      <UniqueIdentifier>{0d672512-0cf9-4860-a99f-04096970f00f}</UniqueIdentifier>
    </Filter>
    <Filter Include="头文件\limonp">
      <UniqueIdentifier>{30d378f7-41eb-4e35-88f5-9bc85df06e0a}</UniqueIdentifier>
    </Filter>
  </ItemGroup>
  <ItemGroup>
    <ClInclude Include="include\cppjieba\DictTrie.hpp">
      <Filter>头文件\cppjieba</Filter>
    </ClInclude>
    <ClInclude Include="include\cppjieba\FullSegment.hpp">
      <Filter>头文件\cppjieba</Filter>
    </ClInclude>
    <ClInclude Include="include\cppjieba\HMMModel.hpp">
      <Filter>头文件\cppjieba</Filter>
    </ClInclude>
    <ClInclude Include="include\cppjieba\HMMSegment.hpp">
      <Filter>头文件\cppjieba</Filter>
    </ClInclude>
    <ClInclude Include="include\cppjieba\Jieba.hpp">
      <Filter>头文件\cppjieba</Filter>
    </ClInclude>
    <ClInclude Include="include\cppjieba\KeywordExtractor.hpp">
      <Filter>头文件\cppjieba</Filter>
    </ClInclude>
    <ClInclude Include="include\cppjieba\MixSegment.hpp">
      <Filter>头文件\cppjieba</Filter>
    </ClInclude>
    <ClInclude Include="include\cppjieba\MPSegment.hpp">
      <Filter>头文件\cppjieba</Filter>
    </ClInclude>
    <ClInclude Include="include\cppjieba\PosTagger.hpp">
      <Filter>头文件\cppjieba</Filter>
    </ClInclude>
    <ClInclude Include="include\cppjieba\PreFilter.hpp">
      <Filter>头文件\cppjieba</Filter>
    </ClInclude>
    <ClInclude Include="include\cppjieba\QuerySegment.hpp">
      <Filter>头文件\cppjieba</Filter>
    </ClInclude>
    <ClInclude Include="include\cppjieba\SegmentBase.hpp">
      <Filter>头文件\cppjieba</Filter>
    </ClInclude>
    <ClInclude Include="include\cppjieba\SegmentTagged.hpp">
      <Filter>头文件\cppjieba</Filter>
    </ClInclude>
    <ClInclude Include="include\cppjieba\TextRankExtractor.hpp">
      <Filter>头文件\cppjieba</Filter>
    </ClInclude>
    <ClInclude Include="include\cppjieba\Trie.hpp">
      <Filter>头文件\cppjieba</Filter>
    </ClInclude>
    <ClInclude Include="include\cppjieba\Unicode.hpp">
      <Filter>头文件\cppjieba</Filter>
    </ClInclude>
    <ClInclude Include="deps\limonp\ArgvContext.hpp">
      <Filter>头文件\limonp</Filter>
    </ClInclude>
    <ClInclude Include="deps\limonp\BlockingQueue.hpp">
      <Filter>头文件\limonp</Filter>
    </ClInclude>
    <ClInclude Include="deps\limonp\BoundedBlockingQueue.hpp">
      <Filter>头文件\limonp</Filter>
    </ClInclude>
    <ClInclude Include="deps\limonp\BoundedQueue.hpp">
      <Filter>头文件\limonp</Filter>
    </ClInclude>
    <ClInclude Include="deps\limonp\Closure.hpp">
      <Filter>头文件\limonp</Filter>
    </ClInclude>
    <ClInclude Include="deps\limonp\Colors.hpp">
      <Filter>头文件\limonp</Filter>
    </ClInclude>
    <ClInclude Include="deps\limonp\Condition.hpp">
      <Filter>头文件\limonp</Filter>
    </ClInclude>
    <ClInclude Include="deps\limonp\Config.hpp">
      <Filter>头文件\limonp</Filter>
    </ClInclude>
    <ClInclude Include="deps\limonp\FileLock.hpp">
      <Filter>头文件\limonp</Filter>
    </ClInclude>
    <ClInclude Include="deps\limonp\ForcePublic.hpp">
      <Filter>头文件\limonp</Filter>
    </ClInclude>
    <ClInclude Include="deps\limonp\LocalVector.hpp">
      <Filter>头文件\limonp</Filter>
    </ClInclude>
    <ClInclude Include="deps\limonp\Logging.hpp">
      <Filter>头文件\limonp</Filter>
    </ClInclude>
    <ClInclude Include="deps\limonp\Md5.hpp">
      <Filter>头文件\limonp</Filter>
    </ClInclude>
    <ClInclude Include="deps\limonp\MutexLock.hpp">
      <Filter>头文件\limonp</Filter>
    </ClInclude>
    <ClInclude Include="deps\limonp\NonCopyable.hpp">
      <Filter>头文件\limonp</Filter>
    </ClInclude>
    <ClInclude Include="deps\limonp\StdExtension.hpp">
      <Filter>头文件\limonp</Filter>
    </ClInclude>
    <ClInclude Include="deps\limonp\StringUtil.hpp">
      <Filter>头文件\limonp</Filter>
    </ClInclude>
    <ClInclude Include="deps\limonp\Thread.hpp">
      <Filter>头文件\limonp</Filter>
    </ClInclude>
    <ClInclude Include="deps\limonp\ThreadPool.hpp">
      <Filter>头文件\limonp</Filter>
    </ClInclude>
    <ClInclude Include="utf8_gbk.h">
      <Filter>头文件</Filter>
    </ClInclude>
    <ClInclude Include="TextSimilarity.h">
      <Filter>头文件</Filter>
    </ClInclude>
  </ItemGroup>
  <ItemGroup>
    <ClCompile Include="test.cpp">
      <Filter>源文件</Filter>
    </ClCompile>
    <ClCompile Include="TextSimilarity.cpp">
      <Filter>源文件</Filter>
    </ClCompile>
  </ItemGroup>
</Project>